[[dependencies]]
name = "solady"
version = "0.1.14"
url = "https://soldeer-revisions.s3.amazonaws.com/solady/0_1_14_03-04-2025_08:02:53_solady.zip"
checksum = "82089b7c005404399d73f538545a795c5e24ec38009793ccd008000f1d66eb8b"
integrity = "e40e7781170e43fed51b973bc3c25287a0852d0ed6053a461ac391c7601ae6dd"
